
Microsoft Visual Studio Solution File, Format Version 12.00
# Visual Studio Version 16
VisualStudioVersion = 16.0.29403.142
MinimumVisualStudioVersion = 10.0.40219.1
Project("{FAE04EC0-301F-11D3-BF4B-00C04F79EFBC}") = "Simple Notes App", "Simple Notes App\Simple Notes App.csproj", "{139B5735-701F-4625-B8B7-6D51B1DB4F8A}"
EndProject
Global
	GlobalSection(SolutionConfigurationPlatforms) = preSolution
		Debug|Any CPU = Debug|Any CPU
		Release|Any CPU = Release|Any CPU
	EndGlobalSection
	GlobalSection(ProjectConfigurationPlatforms) = postSolution
		{139B5735-701F-4625-B8B7-6D51B1DB4F8A}.Debug|Any CPU.ActiveCfg = Debug|Any CPU
		{139B5735-701F-4625-B8B7-6D51B1DB4F8A}.Debug|Any CPU.Build.0 = Debug|Any CPU
		{139B5735-701F-4625-B8B7-6D51B1DB4F8A}.Release|Any CPU.ActiveCfg = Release|Any CPU
		{139B5735-701F-4625-B8B7-6D51B1DB4F8A}.Release|Any CPU.Build.0 = Release|Any CPU
	EndGlobalSection
	GlobalSection(SolutionProperties) = preSolution
		HideSolutionNode = FALSE
	EndGlobalSection
	GlobalSection(ExtensibilityGlobals) = postSolution
		SolutionGuid = {74889928-DF9D-4A04-ACC8-3829CDE5CAA2}
	EndGlobalSection
EndGlobal
